
Microsoft Visual Studio Solution File, Format Version 12.00
# Visual Studio Version 17
VisualStudioVersion = 17.0.31903.59
MinimumVisualStudioVersion = 10.0.40219.1
Project("{9A19103F-16F7-4668-BE54-9A1E7A4F7556}") = "EliteFIPServer", "EliteFIPServer\EliteFIPServer.csproj", "{E3CBFD55-D0CA-4ADF-82F4-B5ABA91A43EB}"
EndProject
Project("{2150E333-8FDC-42A3-9474-1A3956D46DE8}") = "Solution Items", "Solution Items", "{B518BBDD-052B-43A1-831A-AF00F23B7D5B}"
EndProject
Project("{54435603-DBB4-11D2-8724-00A0C9A8B90C}") = "EliteFIPServerSetup", "EliteFIPServerSetup\EliteFIPServerSetup.vdproj", "{333CC0C3-A32A-40D2-BC85-032584EBCB8D}"
EndProject
Global
	GlobalSection(SolutionConfigurationPlatforms) = preSolution
		Debug|Any CPU = Debug|Any CPU
		Debug|ARM = Debug|ARM
		Debug|ARM64 = Debug|ARM64
		Debug|x64 = Debug|x64
		Debug|x86 = Debug|x86
		Release|Any CPU = Release|Any CPU
		Release|ARM = Release|ARM
		Release|ARM64 = Release|ARM64
		Release|x64 = Release|x64
		Release|x86 = Release|x86
	EndGlobalSection
	GlobalSection(ProjectConfigurationPlatforms) = postSolution
		{E3CBFD55-D0CA-4ADF-82F4-B5ABA91A43EB}.Debug|Any CPU.ActiveCfg = Debug|x64
		{E3CBFD55-D0CA-4ADF-82F4-B5ABA91A43EB}.Debug|Any CPU.Build.0 = Debug|x64
		{E3CBFD55-D0CA-4ADF-82F4-B5ABA91A43EB}.Debug|ARM.ActiveCfg = Debug|Any CPU
		{E3CBFD55-D0CA-4ADF-82F4-B5ABA91A43EB}.Debug|ARM.Build.0 = Debug|Any CPU
		{E3CBFD55-D0CA-4ADF-82F4-B5ABA91A43EB}.Debug|ARM64.ActiveCfg = Debug|Any CPU
		{E3CBFD55-D0CA-4ADF-82F4-B5ABA91A43EB}.Debug|ARM64.Build.0 = Debug|Any CPU
		{E3CBFD55-D0CA-4ADF-82F4-B5ABA91A43EB}.Debug|x64.ActiveCfg = Debug|x64
		{E3CBFD55-D0CA-4ADF-82F4-B5ABA91A43EB}.Debug|x64.Build.0 = Debug|x64
		{E3CBFD55-D0CA-4ADF-82F4-B5ABA91A43EB}.Debug|x86.ActiveCfg = Debug|Any CPU
		{E3CBFD55-D0CA-4ADF-82F4-B5ABA91A43EB}.Debug|x86.Build.0 = Debug|Any CPU
		{E3CBFD55-D0CA-4ADF-82F4-B5ABA91A43EB}.Release|Any CPU.ActiveCfg = Release|x64
		{E3CBFD55-D0CA-4ADF-82F4-B5ABA91A43EB}.Release|Any CPU.Build.0 = Release|x64
		{E3CBFD55-D0CA-4ADF-82F4-B5ABA91A43EB}.Release|ARM.ActiveCfg = Release|Any CPU
		{E3CBFD55-D0CA-4ADF-82F4-B5ABA91A43EB}.Release|ARM.Build.0 = Release|Any CPU
		{E3CBFD55-D0CA-4ADF-82F4-B5ABA91A43EB}.Release|ARM64.ActiveCfg = Release|Any CPU
		{E3CBFD55-D0CA-4ADF-82F4-B5ABA91A43EB}.Release|ARM64.Build.0 = Release|Any CPU
		{E3CBFD55-D0CA-4ADF-82F4-B5ABA91A43EB}.Release|x64.ActiveCfg = Release|x64
		{E3CBFD55-D0CA-4ADF-82F4-B5ABA91A43EB}.Release|x64.Build.0 = Release|x64
		{E3CBFD55-D0CA-4ADF-82F4-B5ABA91A43EB}.Release|x86.ActiveCfg = Release|Any CPU
		{E3CBFD55-D0CA-4ADF-82F4-B5ABA91A43EB}.Release|x86.Build.0 = Release|Any CPU
		{333CC0C3-A32A-40D2-BC85-032584EBCB8D}.Debug|Any CPU.ActiveCfg = Debug
		{333CC0C3-A32A-40D2-BC85-032584EBCB8D}.Debug|ARM.ActiveCfg = Debug
		{333CC0C3-A32A-40D2-BC85-032584EBCB8D}.Debug|ARM.Build.0 = Debug
		{333CC0C3-A32A-40D2-BC85-032584EBCB8D}.Debug|ARM64.ActiveCfg = Debug
		{333CC0C3-A32A-40D2-BC85-032584EBCB8D}.Debug|ARM64.Build.0 = Debug
		{333CC0C3-A32A-40D2-BC85-032584EBCB8D}.Debug|x64.ActiveCfg = Debug
		{333CC0C3-A32A-40D2-BC85-032584EBCB8D}.Debug|x64.Build.0 = Debug
		{333CC0C3-A32A-40D2-BC85-032584EBCB8D}.Debug|x86.ActiveCfg = Debug
		{333CC0C3-A32A-40D2-BC85-032584EBCB8D}.Debug|x86.Build.0 = Debug
		{333CC0C3-A32A-40D2-BC85-032584EBCB8D}.Release|Any CPU.ActiveCfg = Release
		{333CC0C3-A32A-40D2-BC85-032584EBCB8D}.Release|ARM.ActiveCfg = Release
		{333CC0C3-A32A-40D2-BC85-032584EBCB8D}.Release|ARM.Build.0 = Release
		{333CC0C3-A32A-40D2-BC85-032584EBCB8D}.Release|ARM64.ActiveCfg = Release
		{333CC0C3-A32A-40D2-BC85-032584EBCB8D}.Release|ARM64.Build.0 = Release
		{333CC0C3-A32A-40D2-BC85-032584EBCB8D}.Release|x64.ActiveCfg = Release
		{333CC0C3-A32A-40D2-BC85-032584EBCB8D}.Release|x64.Build.0 = Release
		{333CC0C3-A32A-40D2-BC85-032584EBCB8D}.Release|x86.ActiveCfg = Release
		{333CC0C3-A32A-40D2-BC85-032584EBCB8D}.Release|x86.Build.0 = Release
	EndGlobalSection
	GlobalSection(SolutionProperties) = preSolution
		HideSolutionNode = FALSE
	EndGlobalSection
	GlobalSection(ExtensibilityGlobals) = postSolution
		SolutionGuid = {B64AC44E-BA1D-4D89-B647-70C6A89EF143}
	EndGlobalSection
EndGlobal
